
Microsoft Visual Studio Solution File, Format Version 12.00
# Visual Studio Version 17
VisualStudioVersion = 17.1.32407.343
MinimumVisualStudioVersion = 10.0.40219.1
Project("{FAE04EC0-301F-11D3-BF4B-00C04F79EFBC}") = "PacMan", "PacMan.csproj", "{56AAD114-C124-45A6-B7C4-79073E4B9596}"
EndProject
Global
	GlobalSection(SolutionConfigurationPlatforms) = preSolution
		Debug|Any CPU = Debug|Any CPU
		Release|Any CPU = Release|Any CPU
	EndGlobalSection
	GlobalSection(ProjectConfigurationPlatforms) = postSolution
		{56AAD114-C124-45A6-B7C4-79073E4B9596}.Debug|Any CPU.ActiveCfg = Debug|Any CPU
		{56AAD114-C124-45A6-B7C4-79073E4B9596}.Debug|Any CPU.Build.0 = Debug|Any CPU
		{56AAD114-C124-45A6-B7C4-79073E4B9596}.Release|Any CPU.ActiveCfg = Release|Any CPU
		{56AAD114-C124-45A6-B7C4-79073E4B9596}.Release|Any CPU.Build.0 = Release|Any CPU
	EndGlobalSection
	GlobalSection(SolutionProperties) = preSolution
		HideSolutionNode = FALSE
	EndGlobalSection
	GlobalSection(ExtensibilityGlobals) = postSolution
		SolutionGuid = {56F39355-27F0-4176-A757-67E3FCA845DE}
	EndGlobalSection
EndGlobal
